
Microsoft Visual Studio Solution File, Format Version 12.00
# Visual Studio Version 17
VisualStudioVersion = 17.3.32825.248
MinimumVisualStudioVersion = 10.0.40219.1
Project("{9A19103F-16F7-4668-BE54-9A1E7A4F7556}") = "DRMusicRest", "DRMusicRest\DRMusicRest.csproj", "{0A3873F5-E24F-480D-B4F7-282E4C06CE8D}"
EndProject
Project("{FAE04EC0-301F-11D3-BF4B-00C04F79EFBC}") = "DRMusikRestTest", "DRMusikRestTest\DRMusikRestTest.csproj", "{462BB595-9A24-465C-8A42-D9CB53A57373}"
EndProject
Global
	GlobalSection(SolutionConfigurationPlatforms) = preSolution
		Debug|Any CPU = Debug|Any CPU
		Release|Any CPU = Release|Any CPU
	EndGlobalSection
	GlobalSection(ProjectConfigurationPlatforms) = postSolution
		{0A3873F5-E24F-480D-B4F7-282E4C06CE8D}.Debug|Any CPU.ActiveCfg = Debug|Any CPU
		{0A3873F5-E24F-480D-B4F7-282E4C06CE8D}.Debug|Any CPU.Build.0 = Debug|Any CPU
		{0A3873F5-E24F-480D-B4F7-282E4C06CE8D}.Release|Any CPU.ActiveCfg = Release|Any CPU
		{0A3873F5-E24F-480D-B4F7-282E4C06CE8D}.Release|Any CPU.Build.0 = Release|Any CPU
		{462BB595-9A24-465C-8A42-D9CB53A57373}.Debug|Any CPU.ActiveCfg = Debug|Any CPU
		{462BB595-9A24-465C-8A42-D9CB53A57373}.Debug|Any CPU.Build.0 = Debug|Any CPU
		{462BB595-9A24-465C-8A42-D9CB53A57373}.Release|Any CPU.ActiveCfg = Release|Any CPU
		{462BB595-9A24-465C-8A42-D9CB53A57373}.Release|Any CPU.Build.0 = Release|Any CPU
	EndGlobalSection
	GlobalSection(SolutionProperties) = preSolution
		HideSolutionNode = FALSE
	EndGlobalSection
	GlobalSection(ExtensibilityGlobals) = postSolution
		SolutionGuid = {81536913-6477-499B-B261-F1C9D11C4F7F}
	EndGlobalSection
EndGlobal
